
Microsoft Visual Studio Solution File, Format Version 12.00
# Visual Studio 14
VisualStudioVersion = 14.0.25420.1
MinimumVisualStudioVersion = 10.0.40219.1
Project("{2150E333-8FDC-42A3-9474-1A3956D46DE8}") = "src", "src", "{0E9BD18C-9A44-4A0D-A0EB-2A484B26C005}"
EndProject
Project("{2150E333-8FDC-42A3-9474-1A3956D46DE8}") = "Solution Items", "Solution Items", "{46F868A3-5A28-44DB-A7A4-F9E1FFEEAECE}"
	ProjectSection(SolutionItems) = preProject
		global.json = global.json
	EndProjectSection
EndProject
Project("{8BB2217D-0F2D-49D1-97BC-3654ED321F3B}") = "ProjectManager.Components", "src\ProjectManager.Components\ProjectManager.Components.xproj", "{DBF49923-68CE-4BF2-8E31-16BA935C2274}"
EndProject
Project("{8BB2217D-0F2D-49D1-97BC-3654ED321F3B}") = "ProjectManager.Core", "src\ProjectManager.Core\ProjectManager.Core.xproj", "{6F82CB3B-209A-4ED1-AB3A-0670166ACCD8}"
EndProject
Project("{8BB2217D-0F2D-49D1-97BC-3654ED321F3B}") = "ProjectManager.Gateway", "src\ProjectManager.Gateway\ProjectManager.Gateway.xproj", "{80F7E838-9F97-43FD-8633-A98E50855BFD}"
EndProject
Project("{8BB2217D-0F2D-49D1-97BC-3654ED321F3B}") = "ProjectManager.Model", "src\ProjectManager.Model\ProjectManager.Model.xproj", "{DAF04ACF-5CBB-4F1D-8F0B-CC16741DA800}"
EndProject
Project("{8BB2217D-0F2D-49D1-97BC-3654ED321F3B}") = "ProjectManager.Services", "src\ProjectManager.Services\ProjectManager.Services.xproj", "{CC20D457-39A9-4664-85C4-71ACF116930E}"
EndProject
Project("{FAE04EC0-301F-11D3-BF4B-00C04F79EFBC}") = "ProjectManager.WPFClient", "src\ProjectManager.WPFClient\ProjectManager.WPFClient.csproj", "{5CDFDF0A-E04D-4CEA-93E8-2F28600E2264}"
EndProject
Project("{8BB2217D-0F2D-49D1-97BC-3654ED321F3B}") = "ProjectManager.API", "src\ProjectManager.API\ProjectManager.API.xproj", "{440A4F43-D4D0-4D06-A48B-881F30A38290}"
EndProject
Project("{8BB2217D-0F2D-49D1-97BC-3654ED321F3B}") = "ProjectManager.Web", "src\ProjectManager.Web\ProjectManager.Web.xproj", "{C7DF020D-3A33-4D86-8F66-5CACF4F2213A}"
EndProject
Project("{8BB2217D-0F2D-49D1-97BC-3654ED321F3B}") = "ProjectManager.Domain", "src\ProjectManager.Domain\ProjectManager.Domain.xproj", "{0A19DC01-779B-4828-A653-B739C358114B}"
EndProject
Project("{8BB2217D-0F2D-49D1-97BC-3654ED321F3B}") = "ProjectManager.Tests", "src\ProjectManager.Tests\ProjectManager.Tests.xproj", "{875E6097-DD68-4B0B-A5F1-FAA63E037C94}"
EndProject
Project("{FAE04EC0-301F-11D3-BF4B-00C04F79EFBC}") = "ProjectManager.WPFComponents", "src\ProjectManager.WPFComponents\ProjectManager.WPFComponents.csproj", "{9B749EC3-EF00-49E1-BB25-0BC343DA6F1C}"
	ProjectSection(ProjectDependencies) = postProject
		{0A19DC01-779B-4828-A653-B739C358114B} = {0A19DC01-779B-4828-A653-B739C358114B}
		{80F7E838-9F97-43FD-8633-A98E50855BFD} = {80F7E838-9F97-43FD-8633-A98E50855BFD}
		{6F82CB3B-209A-4ED1-AB3A-0670166ACCD8} = {6F82CB3B-209A-4ED1-AB3A-0670166ACCD8}
		{CC20D457-39A9-4664-85C4-71ACF116930E} = {CC20D457-39A9-4664-85C4-71ACF116930E}
		{DAF04ACF-5CBB-4F1D-8F0B-CC16741DA800} = {DAF04ACF-5CBB-4F1D-8F0B-CC16741DA800}
	EndProjectSection
EndProject
Project("{8BB2217D-0F2D-49D1-97BC-3654ED321F3B}") = "ProjectManager.Services.REST", "src\ProjectManager.Services.REST\ProjectManager.Services.REST.xproj", "{62D43C19-07B8-45C0-ADAB-EC80C332AA01}"
EndProject
Project("{8BB2217D-0F2D-49D1-97BC-3654ED321F3B}") = "TwitterAPI", "src\TwitterAPI\TwitterAPI.xproj", "{456CDAC5-11FB-48E8-8FDE-22FEE52E703B}"
EndProject
Project("{8BB2217D-0F2D-49D1-97BC-3654ED321F3B}") = "ProjectManager.Services.WCF", "src\ProjectManager.Services.WCF\ProjectManager.Services.WCF.xproj", "{F2F2120F-BADD-4B24-89D3-E532F195FE85}"
EndProject
Project("{FAE04EC0-301F-11D3-BF4B-00C04F79EFBC}") = "ProjectManager.WCF", "src\ProjectManager.WCF\ProjectManager.WCF.csproj", "{4329A2F4-F552-4F6C-B260-F9DCED1ABBB9}"
EndProject
Global
	GlobalSection(SolutionConfigurationPlatforms) = preSolution
		Debug|Any CPU = Debug|Any CPU
		Release|Any CPU = Release|Any CPU
	EndGlobalSection
	GlobalSection(ProjectConfigurationPlatforms) = postSolution
		{DBF49923-68CE-4BF2-8E31-16BA935C2274}.Debug|Any CPU.ActiveCfg = Debug|Any CPU
		{DBF49923-68CE-4BF2-8E31-16BA935C2274}.Debug|Any CPU.Build.0 = Debug|Any CPU
		{DBF49923-68CE-4BF2-8E31-16BA935C2274}.Release|Any CPU.ActiveCfg = Release|Any CPU
		{DBF49923-68CE-4BF2-8E31-16BA935C2274}.Release|Any CPU.Build.0 = Release|Any CPU
		{6F82CB3B-209A-4ED1-AB3A-0670166ACCD8}.Debug|Any CPU.ActiveCfg = Debug|Any CPU
		{6F82CB3B-209A-4ED1-AB3A-0670166ACCD8}.Debug|Any CPU.Build.0 = Debug|Any CPU
		{6F82CB3B-209A-4ED1-AB3A-0670166ACCD8}.Release|Any CPU.ActiveCfg = Release|Any CPU
		{6F82CB3B-209A-4ED1-AB3A-0670166ACCD8}.Release|Any CPU.Build.0 = Release|Any CPU
		{80F7E838-9F97-43FD-8633-A98E50855BFD}.Debug|Any CPU.ActiveCfg = Debug|Any CPU
		{80F7E838-9F97-43FD-8633-A98E50855BFD}.Debug|Any CPU.Build.0 = Debug|Any CPU
		{80F7E838-9F97-43FD-8633-A98E50855BFD}.Release|Any CPU.ActiveCfg = Release|Any CPU
		{80F7E838-9F97-43FD-8633-A98E50855BFD}.Release|Any CPU.Build.0 = Release|Any CPU
		{DAF04ACF-5CBB-4F1D-8F0B-CC16741DA800}.Debug|Any CPU.ActiveCfg = Debug|Any CPU
		{DAF04ACF-5CBB-4F1D-8F0B-CC16741DA800}.Debug|Any CPU.Build.0 = Debug|Any CPU
		{DAF04ACF-5CBB-4F1D-8F0B-CC16741DA800}.Release|Any CPU.ActiveCfg = Release|Any CPU
		{DAF04ACF-5CBB-4F1D-8F0B-CC16741DA800}.Release|Any CPU.Build.0 = Release|Any CPU
		{CC20D457-39A9-4664-85C4-71ACF116930E}.Debug|Any CPU.ActiveCfg = Debug|Any CPU
		{CC20D457-39A9-4664-85C4-71ACF116930E}.Debug|Any CPU.Build.0 = Debug|Any CPU
		{CC20D457-39A9-4664-85C4-71ACF116930E}.Release|Any CPU.ActiveCfg = Release|Any CPU
		{CC20D457-39A9-4664-85C4-71ACF116930E}.Release|Any CPU.Build.0 = Release|Any CPU
		{5CDFDF0A-E04D-4CEA-93E8-2F28600E2264}.Debug|Any CPU.ActiveCfg = Debug|Any CPU
		{5CDFDF0A-E04D-4CEA-93E8-2F28600E2264}.Debug|Any CPU.Build.0 = Debug|Any CPU
		{5CDFDF0A-E04D-4CEA-93E8-2F28600E2264}.Release|Any CPU.ActiveCfg = Release|Any CPU
		{5CDFDF0A-E04D-4CEA-93E8-2F28600E2264}.Release|Any CPU.Build.0 = Release|Any CPU
		{440A4F43-D4D0-4D06-A48B-881F30A38290}.Debug|Any CPU.ActiveCfg = Debug|Any CPU
		{440A4F43-D4D0-4D06-A48B-881F30A38290}.Debug|Any CPU.Build.0 = Debug|Any CPU
		{440A4F43-D4D0-4D06-A48B-881F30A38290}.Release|Any CPU.ActiveCfg = Release|Any CPU
		{440A4F43-D4D0-4D06-A48B-881F30A38290}.Release|Any CPU.Build.0 = Release|Any CPU
		{C7DF020D-3A33-4D86-8F66-5CACF4F2213A}.Debug|Any CPU.ActiveCfg = Debug|Any CPU
		{C7DF020D-3A33-4D86-8F66-5CACF4F2213A}.Debug|Any CPU.Build.0 = Debug|Any CPU
		{C7DF020D-3A33-4D86-8F66-5CACF4F2213A}.Release|Any CPU.ActiveCfg = Release|Any CPU
		{C7DF020D-3A33-4D86-8F66-5CACF4F2213A}.Release|Any CPU.Build.0 = Release|Any CPU
		{0A19DC01-779B-4828-A653-B739C358114B}.Debug|Any CPU.ActiveCfg = Debug|Any CPU
		{0A19DC01-779B-4828-A653-B739C358114B}.Debug|Any CPU.Build.0 = Debug|Any CPU
		{0A19DC01-779B-4828-A653-B739C358114B}.Release|Any CPU.ActiveCfg = Release|Any CPU
		{0A19DC01-779B-4828-A653-B739C358114B}.Release|Any CPU.Build.0 = Release|Any CPU
		{875E6097-DD68-4B0B-A5F1-FAA63E037C94}.Debug|Any CPU.ActiveCfg = Debug|Any CPU
		{875E6097-DD68-4B0B-A5F1-FAA63E037C94}.Debug|Any CPU.Build.0 = Debug|Any CPU
		{875E6097-DD68-4B0B-A5F1-FAA63E037C94}.Release|Any CPU.ActiveCfg = Release|Any CPU
		{875E6097-DD68-4B0B-A5F1-FAA63E037C94}.Release|Any CPU.Build.0 = Release|Any CPU
		{9B749EC3-EF00-49E1-BB25-0BC343DA6F1C}.Debug|Any CPU.ActiveCfg = Debug|Any CPU
		{9B749EC3-EF00-49E1-BB25-0BC343DA6F1C}.Debug|Any CPU.Build.0 = Debug|Any CPU
		{9B749EC3-EF00-49E1-BB25-0BC343DA6F1C}.Release|Any CPU.ActiveCfg = Release|Any CPU
		{9B749EC3-EF00-49E1-BB25-0BC343DA6F1C}.Release|Any CPU.Build.0 = Release|Any CPU
		{62D43C19-07B8-45C0-ADAB-EC80C332AA01}.Debug|Any CPU.ActiveCfg = Debug|Any CPU
		{62D43C19-07B8-45C0-ADAB-EC80C332AA01}.Debug|Any CPU.Build.0 = Debug|Any CPU
		{62D43C19-07B8-45C0-ADAB-EC80C332AA01}.Release|Any CPU.ActiveCfg = Release|Any CPU
		{62D43C19-07B8-45C0-ADAB-EC80C332AA01}.Release|Any CPU.Build.0 = Release|Any CPU
		{456CDAC5-11FB-48E8-8FDE-22FEE52E703B}.Debug|Any CPU.ActiveCfg = Debug|Any CPU
		{456CDAC5-11FB-48E8-8FDE-22FEE52E703B}.Debug|Any CPU.Build.0 = Debug|Any CPU
		{456CDAC5-11FB-48E8-8FDE-22FEE52E703B}.Release|Any CPU.ActiveCfg = Release|Any CPU
		{456CDAC5-11FB-48E8-8FDE-22FEE52E703B}.Release|Any CPU.Build.0 = Release|Any CPU
		{F2F2120F-BADD-4B24-89D3-E532F195FE85}.Debug|Any CPU.ActiveCfg = Debug|Any CPU
		{F2F2120F-BADD-4B24-89D3-E532F195FE85}.Debug|Any CPU.Build.0 = Debug|Any CPU
		{F2F2120F-BADD-4B24-89D3-E532F195FE85}.Release|Any CPU.ActiveCfg = Release|Any CPU
		{F2F2120F-BADD-4B24-89D3-E532F195FE85}.Release|Any CPU.Build.0 = Release|Any CPU
		{4329A2F4-F552-4F6C-B260-F9DCED1ABBB9}.Debug|Any CPU.ActiveCfg = Debug|Any CPU
		{4329A2F4-F552-4F6C-B260-F9DCED1ABBB9}.Debug|Any CPU.Build.0 = Debug|Any CPU
		{4329A2F4-F552-4F6C-B260-F9DCED1ABBB9}.Release|Any CPU.ActiveCfg = Release|Any CPU
		{4329A2F4-F552-4F6C-B260-F9DCED1ABBB9}.Release|Any CPU.Build.0 = Release|Any CPU
	EndGlobalSection
	GlobalSection(SolutionProperties) = preSolution
		HideSolutionNode = FALSE
	EndGlobalSection
	GlobalSection(NestedProjects) = preSolution
		{DBF49923-68CE-4BF2-8E31-16BA935C2274} = {0E9BD18C-9A44-4A0D-A0EB-2A484B26C005}
		{6F82CB3B-209A-4ED1-AB3A-0670166ACCD8} = {0E9BD18C-9A44-4A0D-A0EB-2A484B26C005}
		{80F7E838-9F97-43FD-8633-A98E50855BFD} = {0E9BD18C-9A44-4A0D-A0EB-2A484B26C005}
		{DAF04ACF-5CBB-4F1D-8F0B-CC16741DA800} = {0E9BD18C-9A44-4A0D-A0EB-2A484B26C005}
		{CC20D457-39A9-4664-85C4-71ACF116930E} = {0E9BD18C-9A44-4A0D-A0EB-2A484B26C005}
		{440A4F43-D4D0-4D06-A48B-881F30A38290} = {0E9BD18C-9A44-4A0D-A0EB-2A484B26C005}
		{C7DF020D-3A33-4D86-8F66-5CACF4F2213A} = {0E9BD18C-9A44-4A0D-A0EB-2A484B26C005}
		{0A19DC01-779B-4828-A653-B739C358114B} = {0E9BD18C-9A44-4A0D-A0EB-2A484B26C005}
		{875E6097-DD68-4B0B-A5F1-FAA63E037C94} = {0E9BD18C-9A44-4A0D-A0EB-2A484B26C005}
		{62D43C19-07B8-45C0-ADAB-EC80C332AA01} = {0E9BD18C-9A44-4A0D-A0EB-2A484B26C005}
		{456CDAC5-11FB-48E8-8FDE-22FEE52E703B} = {0E9BD18C-9A44-4A0D-A0EB-2A484B26C005}
		{F2F2120F-BADD-4B24-89D3-E532F195FE85} = {0E9BD18C-9A44-4A0D-A0EB-2A484B26C005}
	EndGlobalSection
EndGlobal
